
Microsoft Visual Studio Solution File, Format Version 12.00
# Visual Studio 14
VisualStudioVersion = 14.0.25420.1
MinimumVisualStudioVersion = 10.0.40219.1
Project("{FAE04EC0-301F-11D3-BF4B-00C04F79EFBC}") = "TravelStory.Droid", "TravelStory\TravelStory.Droid\TravelStory.Droid.csproj", "{A04FBBA2-902C-485E-B07C-01C4DF015149}"
EndProject
Project("{FAE04EC0-301F-11D3-BF4B-00C04F79EFBC}") = "TravelStory.iOS", "TravelStory\TravelStory.iOS\TravelStory.iOS.csproj", "{B4916D16-B9BA-4DB9-8B3C-364BB668389C}"
EndProject
Project("{FAE04EC0-301F-11D3-BF4B-00C04F79EFBC}") = "TravelStory", "TravelStory\TravelStory\TravelStory.csproj", "{3C55E92C-4FDA-47DB-96F2-0B1B10959918}"
EndProject
Global
	GlobalSection(SolutionConfigurationPlatforms) = preSolution
		Ad-Hoc|Any CPU = Ad-Hoc|Any CPU
		Ad-Hoc|ARM = Ad-Hoc|ARM
		Ad-Hoc|iPhone = Ad-Hoc|iPhone
		Ad-Hoc|iPhoneSimulator = Ad-Hoc|iPhoneSimulator
		Ad-Hoc|x64 = Ad-Hoc|x64
		Ad-Hoc|x86 = Ad-Hoc|x86
		AppStore|Any CPU = AppStore|Any CPU
		AppStore|ARM = AppStore|ARM
		AppStore|iPhone = AppStore|iPhone
		AppStore|iPhoneSimulator = AppStore|iPhoneSimulator
		AppStore|x64 = AppStore|x64
		AppStore|x86 = AppStore|x86
		Debug|Any CPU = Debug|Any CPU
		Debug|ARM = Debug|ARM
		Debug|iPhone = Debug|iPhone
		Debug|iPhoneSimulator = Debug|iPhoneSimulator
		Debug|x64 = Debug|x64
		Debug|x86 = Debug|x86
		Release|Any CPU = Release|Any CPU
		Release|ARM = Release|ARM
		Release|iPhone = Release|iPhone
		Release|iPhoneSimulator = Release|iPhoneSimulator
		Release|x64 = Release|x64
		Release|x86 = Release|x86
	EndGlobalSection
	GlobalSection(ProjectConfigurationPlatforms) = postSolution
		{A04FBBA2-902C-485E-B07C-01C4DF015149}.Ad-Hoc|Any CPU.ActiveCfg = Release|Any CPU
		{A04FBBA2-902C-485E-B07C-01C4DF015149}.Ad-Hoc|Any CPU.Build.0 = Release|Any CPU
		{A04FBBA2-902C-485E-B07C-01C4DF015149}.Ad-Hoc|Any CPU.Deploy.0 = Release|Any CPU
		{A04FBBA2-902C-485E-B07C-01C4DF015149}.Ad-Hoc|ARM.ActiveCfg = Release|Any CPU
		{A04FBBA2-902C-485E-B07C-01C4DF015149}.Ad-Hoc|ARM.Build.0 = Release|Any CPU
		{A04FBBA2-902C-485E-B07C-01C4DF015149}.Ad-Hoc|ARM.Deploy.0 = Release|Any CPU
		{A04FBBA2-902C-485E-B07C-01C4DF015149}.Ad-Hoc|iPhone.ActiveCfg = Release|Any CPU
		{A04FBBA2-902C-485E-B07C-01C4DF015149}.Ad-Hoc|iPhone.Build.0 = Release|Any CPU
		{A04FBBA2-902C-485E-B07C-01C4DF015149}.Ad-Hoc|iPhone.Deploy.0 = Release|Any CPU
		{A04FBBA2-902C-485E-B07C-01C4DF015149}.Ad-Hoc|iPhoneSimulator.ActiveCfg = Release|Any CPU
		{A04FBBA2-902C-485E-B07C-01C4DF015149}.Ad-Hoc|iPhoneSimulator.Build.0 = Release|Any CPU
		{A04FBBA2-902C-485E-B07C-01C4DF015149}.Ad-Hoc|iPhoneSimulator.Deploy.0 = Release|Any CPU
		{A04FBBA2-902C-485E-B07C-01C4DF015149}.Ad-Hoc|x64.ActiveCfg = Release|Any CPU
		{A04FBBA2-902C-485E-B07C-01C4DF015149}.Ad-Hoc|x64.Build.0 = Release|Any CPU
		{A04FBBA2-902C-485E-B07C-01C4DF015149}.Ad-Hoc|x64.Deploy.0 = Release|Any CPU
		{A04FBBA2-902C-485E-B07C-01C4DF015149}.Ad-Hoc|x86.ActiveCfg = Release|Any CPU
		{A04FBBA2-902C-485E-B07C-01C4DF015149}.Ad-Hoc|x86.Build.0 = Release|Any CPU
		{A04FBBA2-902C-485E-B07C-01C4DF015149}.Ad-Hoc|x86.Deploy.0 = Release|Any CPU
		{A04FBBA2-902C-485E-B07C-01C4DF015149}.AppStore|Any CPU.ActiveCfg = Release|Any CPU
		{A04FBBA2-902C-485E-B07C-01C4DF015149}.AppStore|Any CPU.Build.0 = Release|Any CPU
		{A04FBBA2-902C-485E-B07C-01C4DF015149}.AppStore|Any CPU.Deploy.0 = Release|Any CPU
		{A04FBBA2-902C-485E-B07C-01C4DF015149}.AppStore|ARM.ActiveCfg = Release|Any CPU
		{A04FBBA2-902C-485E-B07C-01C4DF015149}.AppStore|ARM.Build.0 = Release|Any CPU
		{A04FBBA2-902C-485E-B07C-01C4DF015149}.AppStore|ARM.Deploy.0 = Release|Any CPU
		{A04FBBA2-902C-485E-B07C-01C4DF015149}.AppStore|iPhone.ActiveCfg = Release|Any CPU
		{A04FBBA2-902C-485E-B07C-01C4DF015149}.AppStore|iPhone.Build.0 = Release|Any CPU
		{A04FBBA2-902C-485E-B07C-01C4DF015149}.AppStore|iPhone.Deploy.0 = Release|Any CPU
		{A04FBBA2-902C-485E-B07C-01C4DF015149}.AppStore|iPhoneSimulator.ActiveCfg = Release|Any CPU
		{A04FBBA2-902C-485E-B07C-01C4DF015149}.AppStore|iPhoneSimulator.Build.0 = Release|Any CPU
		{A04FBBA2-902C-485E-B07C-01C4DF015149}.AppStore|iPhoneSimulator.Deploy.0 = Release|Any CPU
		{A04FBBA2-902C-485E-B07C-01C4DF015149}.AppStore|x64.ActiveCfg = Release|Any CPU
		{A04FBBA2-902C-485E-B07C-01C4DF015149}.AppStore|x64.Build.0 = Release|Any CPU
		{A04FBBA2-902C-485E-B07C-01C4DF015149}.AppStore|x64.Deploy.0 = Release|Any CPU
		{A04FBBA2-902C-485E-B07C-01C4DF015149}.AppStore|x86.ActiveCfg = Release|Any CPU
		{A04FBBA2-902C-485E-B07C-01C4DF015149}.AppStore|x86.Build.0 = Release|Any CPU
		{A04FBBA2-902C-485E-B07C-01C4DF015149}.AppStore|x86.Deploy.0 = Release|Any CPU
		{A04FBBA2-902C-485E-B07C-01C4DF015149}.Debug|Any CPU.ActiveCfg = Debug|Any CPU
		{A04FBBA2-902C-485E-B07C-01C4DF015149}.Debug|Any CPU.Build.0 = Debug|Any CPU
		{A04FBBA2-902C-485E-B07C-01C4DF015149}.Debug|Any CPU.Deploy.0 = Debug|Any CPU
		{A04FBBA2-902C-485E-B07C-01C4DF015149}.Debug|ARM.ActiveCfg = Debug|Any CPU
		{A04FBBA2-902C-485E-B07C-01C4DF015149}.Debug|ARM.Build.0 = Debug|Any CPU
		{A04FBBA2-902C-485E-B07C-01C4DF015149}.Debug|ARM.Deploy.0 = Debug|Any CPU
		{A04FBBA2-902C-485E-B07C-01C4DF015149}.Debug|iPhone.ActiveCfg = Debug|Any CPU
		{A04FBBA2-902C-485E-B07C-01C4DF015149}.Debug|iPhone.Build.0 = Debug|Any CPU
		{A04FBBA2-902C-485E-B07C-01C4DF015149}.Debug|iPhone.Deploy.0 = Debug|Any CPU
		{A04FBBA2-902C-485E-B07C-01C4DF015149}.Debug|iPhoneSimulator.ActiveCfg = Debug|Any CPU
		{A04FBBA2-902C-485E-B07C-01C4DF015149}.Debug|iPhoneSimulator.Build.0 = Debug|Any CPU
		{A04FBBA2-902C-485E-B07C-01C4DF015149}.Debug|iPhoneSimulator.Deploy.0 = Debug|Any CPU
		{A04FBBA2-902C-485E-B07C-01C4DF015149}.Debug|x64.ActiveCfg = Debug|Any CPU
		{A04FBBA2-902C-485E-B07C-01C4DF015149}.Debug|x64.Build.0 = Debug|Any CPU
		{A04FBBA2-902C-485E-B07C-01C4DF015149}.Debug|x64.Deploy.0 = Debug|Any CPU
		{A04FBBA2-902C-485E-B07C-01C4DF015149}.Debug|x86.ActiveCfg = Debug|Any CPU
		{A04FBBA2-902C-485E-B07C-01C4DF015149}.Debug|x86.Build.0 = Debug|Any CPU
		{A04FBBA2-902C-485E-B07C-01C4DF015149}.Debug|x86.Deploy.0 = Debug|Any CPU
		{A04FBBA2-902C-485E-B07C-01C4DF015149}.Release|Any CPU.ActiveCfg = Release|Any CPU
		{A04FBBA2-902C-485E-B07C-01C4DF015149}.Release|Any CPU.Build.0 = Release|Any CPU
		{A04FBBA2-902C-485E-B07C-01C4DF015149}.Release|Any CPU.Deploy.0 = Release|Any CPU
		{A04FBBA2-902C-485E-B07C-01C4DF015149}.Release|ARM.ActiveCfg = Release|Any CPU
		{A04FBBA2-902C-485E-B07C-01C4DF015149}.Release|ARM.Build.0 = Release|Any CPU
		{A04FBBA2-902C-485E-B07C-01C4DF015149}.Release|ARM.Deploy.0 = Release|Any CPU
		{A04FBBA2-902C-485E-B07C-01C4DF015149}.Release|iPhone.ActiveCfg = Release|Any CPU
		{A04FBBA2-902C-485E-B07C-01C4DF015149}.Release|iPhone.Build.0 = Release|Any CPU
		{A04FBBA2-902C-485E-B07C-01C4DF015149}.Release|iPhone.Deploy.0 = Release|Any CPU
		{A04FBBA2-902C-485E-B07C-01C4DF015149}.Release|iPhoneSimulator.ActiveCfg = Release|Any CPU
		{A04FBBA2-902C-485E-B07C-01C4DF015149}.Release|iPhoneSimulator.Build.0 = Release|Any CPU
		{A04FBBA2-902C-485E-B07C-01C4DF015149}.Release|iPhoneSimulator.Deploy.0 = Release|Any CPU
		{A04FBBA2-902C-485E-B07C-01C4DF015149}.Release|x64.ActiveCfg = Release|Any CPU
		{A04FBBA2-902C-485E-B07C-01C4DF015149}.Release|x64.Build.0 = Release|Any CPU
		{A04FBBA2-902C-485E-B07C-01C4DF015149}.Release|x64.Deploy.0 = Release|Any CPU
		{A04FBBA2-902C-485E-B07C-01C4DF015149}.Release|x86.ActiveCfg = Release|Any CPU
		{A04FBBA2-902C-485E-B07C-01C4DF015149}.Release|x86.Build.0 = Release|Any CPU
		{A04FBBA2-902C-485E-B07C-01C4DF015149}.Release|x86.Deploy.0 = Release|Any CPU
		{B4916D16-B9BA-4DB9-8B3C-364BB668389C}.Ad-Hoc|Any CPU.ActiveCfg = Ad-Hoc|iPhone
		{B4916D16-B9BA-4DB9-8B3C-364BB668389C}.Ad-Hoc|ARM.ActiveCfg = Ad-Hoc|iPhone
		{B4916D16-B9BA-4DB9-8B3C-364BB668389C}.Ad-Hoc|iPhone.ActiveCfg = Ad-Hoc|iPhone
		{B4916D16-B9BA-4DB9-8B3C-364BB668389C}.Ad-Hoc|iPhone.Build.0 = Ad-Hoc|iPhone
		{B4916D16-B9BA-4DB9-8B3C-364BB668389C}.Ad-Hoc|iPhoneSimulator.ActiveCfg = Ad-Hoc|iPhoneSimulator
		{B4916D16-B9BA-4DB9-8B3C-364BB668389C}.Ad-Hoc|iPhoneSimulator.Build.0 = Ad-Hoc|iPhoneSimulator
		{B4916D16-B9BA-4DB9-8B3C-364BB668389C}.Ad-Hoc|x64.ActiveCfg = Ad-Hoc|iPhone
		{B4916D16-B9BA-4DB9-8B3C-364BB668389C}.Ad-Hoc|x86.ActiveCfg = Ad-Hoc|iPhone
		{B4916D16-B9BA-4DB9-8B3C-364BB668389C}.AppStore|Any CPU.ActiveCfg = AppStore|iPhone
		{B4916D16-B9BA-4DB9-8B3C-364BB668389C}.AppStore|ARM.ActiveCfg = AppStore|iPhone
		{B4916D16-B9BA-4DB9-8B3C-364BB668389C}.AppStore|iPhone.ActiveCfg = AppStore|iPhone
		{B4916D16-B9BA-4DB9-8B3C-364BB668389C}.AppStore|iPhone.Build.0 = AppStore|iPhone
		{B4916D16-B9BA-4DB9-8B3C-364BB668389C}.AppStore|iPhoneSimulator.ActiveCfg = AppStore|iPhoneSimulator
		{B4916D16-B9BA-4DB9-8B3C-364BB668389C}.AppStore|iPhoneSimulator.Build.0 = AppStore|iPhoneSimulator
		{B4916D16-B9BA-4DB9-8B3C-364BB668389C}.AppStore|x64.ActiveCfg = AppStore|iPhone
		{B4916D16-B9BA-4DB9-8B3C-364BB668389C}.AppStore|x86.ActiveCfg = AppStore|iPhone
		{B4916D16-B9BA-4DB9-8B3C-364BB668389C}.Debug|Any CPU.ActiveCfg = Debug|iPhone
		{B4916D16-B9BA-4DB9-8B3C-364BB668389C}.Debug|ARM.ActiveCfg = Debug|iPhone
		{B4916D16-B9BA-4DB9-8B3C-364BB668389C}.Debug|iPhone.ActiveCfg = Debug|iPhone
		{B4916D16-B9BA-4DB9-8B3C-364BB668389C}.Debug|iPhone.Build.0 = Debug|iPhone
		{B4916D16-B9BA-4DB9-8B3C-364BB668389C}.Debug|iPhoneSimulator.ActiveCfg = Debug|iPhoneSimulator
		{B4916D16-B9BA-4DB9-8B3C-364BB668389C}.Debug|iPhoneSimulator.Build.0 = Debug|iPhoneSimulator
		{B4916D16-B9BA-4DB9-8B3C-364BB668389C}.Debug|x64.ActiveCfg = Debug|iPhone
		{B4916D16-B9BA-4DB9-8B3C-364BB668389C}.Debug|x86.ActiveCfg = Debug|iPhone
		{B4916D16-B9BA-4DB9-8B3C-364BB668389C}.Release|Any CPU.ActiveCfg = Release|iPhone
		{B4916D16-B9BA-4DB9-8B3C-364BB668389C}.Release|ARM.ActiveCfg = Release|iPhone
		{B4916D16-B9BA-4DB9-8B3C-364BB668389C}.Release|iPhone.ActiveCfg = Release|iPhone
		{B4916D16-B9BA-4DB9-8B3C-364BB668389C}.Release|iPhone.Build.0 = Release|iPhone
		{B4916D16-B9BA-4DB9-8B3C-364BB668389C}.Release|iPhoneSimulator.ActiveCfg = Release|iPhoneSimulator
		{B4916D16-B9BA-4DB9-8B3C-364BB668389C}.Release|iPhoneSimulator.Build.0 = Release|iPhoneSimulator
		{B4916D16-B9BA-4DB9-8B3C-364BB668389C}.Release|x64.ActiveCfg = Release|iPhone
		{B4916D16-B9BA-4DB9-8B3C-364BB668389C}.Release|x86.ActiveCfg = Release|iPhone
		{3C55E92C-4FDA-47DB-96F2-0B1B10959918}.Ad-Hoc|Any CPU.ActiveCfg = Release|Any CPU
		{3C55E92C-4FDA-47DB-96F2-0B1B10959918}.Ad-Hoc|Any CPU.Build.0 = Release|Any CPU
		{3C55E92C-4FDA-47DB-96F2-0B1B10959918}.Ad-Hoc|ARM.ActiveCfg = Release|Any CPU
		{3C55E92C-4FDA-47DB-96F2-0B1B10959918}.Ad-Hoc|ARM.Build.0 = Release|Any CPU
		{3C55E92C-4FDA-47DB-96F2-0B1B10959918}.Ad-Hoc|iPhone.ActiveCfg = Release|Any CPU
		{3C55E92C-4FDA-47DB-96F2-0B1B10959918}.Ad-Hoc|iPhone.Build.0 = Release|Any CPU
		{3C55E92C-4FDA-47DB-96F2-0B1B10959918}.Ad-Hoc|iPhoneSimulator.ActiveCfg = Release|Any CPU
		{3C55E92C-4FDA-47DB-96F2-0B1B10959918}.Ad-Hoc|iPhoneSimulator.Build.0 = Release|Any CPU
		{3C55E92C-4FDA-47DB-96F2-0B1B10959918}.Ad-Hoc|x64.ActiveCfg = Release|Any CPU
		{3C55E92C-4FDA-47DB-96F2-0B1B10959918}.Ad-Hoc|x64.Build.0 = Release|Any CPU
		{3C55E92C-4FDA-47DB-96F2-0B1B10959918}.Ad-Hoc|x86.ActiveCfg = Release|Any CPU
		{3C55E92C-4FDA-47DB-96F2-0B1B10959918}.Ad-Hoc|x86.Build.0 = Release|Any CPU
		{3C55E92C-4FDA-47DB-96F2-0B1B10959918}.AppStore|Any CPU.ActiveCfg = Release|Any CPU
		{3C55E92C-4FDA-47DB-96F2-0B1B10959918}.AppStore|Any CPU.Build.0 = Release|Any CPU
		{3C55E92C-4FDA-47DB-96F2-0B1B10959918}.AppStore|ARM.ActiveCfg = Release|Any CPU
		{3C55E92C-4FDA-47DB-96F2-0B1B10959918}.AppStore|ARM.Build.0 = Release|Any CPU
		{3C55E92C-4FDA-47DB-96F2-0B1B10959918}.AppStore|iPhone.ActiveCfg = Release|Any CPU
		{3C55E92C-4FDA-47DB-96F2-0B1B10959918}.AppStore|iPhone.Build.0 = Release|Any CPU
		{3C55E92C-4FDA-47DB-96F2-0B1B10959918}.AppStore|iPhoneSimulator.ActiveCfg = Release|Any CPU
		{3C55E92C-4FDA-47DB-96F2-0B1B10959918}.AppStore|iPhoneSimulator.Build.0 = Release|Any CPU
		{3C55E92C-4FDA-47DB-96F2-0B1B10959918}.AppStore|x64.ActiveCfg = Release|Any CPU
		{3C55E92C-4FDA-47DB-96F2-0B1B10959918}.AppStore|x64.Build.0 = Release|Any CPU
		{3C55E92C-4FDA-47DB-96F2-0B1B10959918}.AppStore|x86.ActiveCfg = Release|Any CPU
		{3C55E92C-4FDA-47DB-96F2-0B1B10959918}.AppStore|x86.Build.0 = Release|Any CPU
		{3C55E92C-4FDA-47DB-96F2-0B1B10959918}.Debug|Any CPU.ActiveCfg = Debug|Any CPU
		{3C55E92C-4FDA-47DB-96F2-0B1B10959918}.Debug|Any CPU.Build.0 = Debug|Any CPU
		{3C55E92C-4FDA-47DB-96F2-0B1B10959918}.Debug|Any CPU.Deploy.0 = Debug|Any CPU
		{3C55E92C-4FDA-47DB-96F2-0B1B10959918}.Debug|ARM.ActiveCfg = Debug|Any CPU
		{3C55E92C-4FDA-47DB-96F2-0B1B10959918}.Debug|ARM.Build.0 = Debug|Any CPU
		{3C55E92C-4FDA-47DB-96F2-0B1B10959918}.Debug|iPhone.ActiveCfg = Debug|Any CPU
		{3C55E92C-4FDA-47DB-96F2-0B1B10959918}.Debug|iPhone.Build.0 = Debug|Any CPU
		{3C55E92C-4FDA-47DB-96F2-0B1B10959918}.Debug|iPhoneSimulator.ActiveCfg = Debug|Any CPU
		{3C55E92C-4FDA-47DB-96F2-0B1B10959918}.Debug|iPhoneSimulator.Build.0 = Debug|Any CPU
		{3C55E92C-4FDA-47DB-96F2-0B1B10959918}.Debug|x64.ActiveCfg = Debug|Any CPU
		{3C55E92C-4FDA-47DB-96F2-0B1B10959918}.Debug|x64.Build.0 = Debug|Any CPU
		{3C55E92C-4FDA-47DB-96F2-0B1B10959918}.Debug|x86.ActiveCfg = Debug|Any CPU
		{3C55E92C-4FDA-47DB-96F2-0B1B10959918}.Debug|x86.Build.0 = Debug|Any CPU
		{3C55E92C-4FDA-47DB-96F2-0B1B10959918}.Release|Any CPU.ActiveCfg = Release|Any CPU
		{3C55E92C-4FDA-47DB-96F2-0B1B10959918}.Release|Any CPU.Build.0 = Release|Any CPU
		{3C55E92C-4FDA-47DB-96F2-0B1B10959918}.Release|ARM.ActiveCfg = Release|Any CPU
		{3C55E92C-4FDA-47DB-96F2-0B1B10959918}.Release|ARM.Build.0 = Release|Any CPU
		{3C55E92C-4FDA-47DB-96F2-0B1B10959918}.Release|iPhone.ActiveCfg = Release|Any CPU
		{3C55E92C-4FDA-47DB-96F2-0B1B10959918}.Release|iPhone.Build.0 = Release|Any CPU
		{3C55E92C-4FDA-47DB-96F2-0B1B10959918}.Release|iPhoneSimulator.ActiveCfg = Release|Any CPU
		{3C55E92C-4FDA-47DB-96F2-0B1B10959918}.Release|iPhoneSimulator.Build.0 = Release|Any CPU
		{3C55E92C-4FDA-47DB-96F2-0B1B10959918}.Release|x64.ActiveCfg = Release|Any CPU
		{3C55E92C-4FDA-47DB-96F2-0B1B10959918}.Release|x64.Build.0 = Release|Any CPU
		{3C55E92C-4FDA-47DB-96F2-0B1B10959918}.Release|x86.ActiveCfg = Release|Any CPU
		{3C55E92C-4FDA-47DB-96F2-0B1B10959918}.Release|x86.Build.0 = Release|Any CPU
	EndGlobalSection
	GlobalSection(SolutionProperties) = preSolution
		HideSolutionNode = FALSE
	EndGlobalSection
EndGlobal
